
Microsoft Visual Studio Solution File, Format Version 12.00
# Visual Studio Version 17
VisualStudioVersion = 17.3.32825.248
MinimumVisualStudioVersion = 10.0.40219.1
Project("{9A19103F-16F7-4668-BE54-9A1E7A4F7556}") = "ConsoleApp2", "ConsoleApp2\ConsoleApp2.csproj", "{E62C0E96-F175-46B5-BEC1-DE11195B91F0}"
EndProject
Global
	GlobalSection(SolutionConfigurationPlatforms) = preSolution
		Debug|Any CPU = Debug|Any CPU
		Release|Any CPU = Release|Any CPU
	EndGlobalSection
	GlobalSection(ProjectConfigurationPlatforms) = postSolution
		{E62C0E96-F175-46B5-BEC1-DE11195B91F0}.Debug|Any CPU.ActiveCfg = Debug|Any CPU
		{E62C0E96-F175-46B5-BEC1-DE11195B91F0}.Debug|Any CPU.Build.0 = Debug|Any CPU
		{E62C0E96-F175-46B5-BEC1-DE11195B91F0}.Release|Any CPU.ActiveCfg = Release|Any CPU
		{E62C0E96-F175-46B5-BEC1-DE11195B91F0}.Release|Any CPU.Build.0 = Release|Any CPU
	EndGlobalSection
	GlobalSection(SolutionProperties) = preSolution
		HideSolutionNode = FALSE
	EndGlobalSection
	GlobalSection(ExtensibilityGlobals) = postSolution
		SolutionGuid = {17D3500F-71A2-496A-8F71-5D80BC8C6684}
	EndGlobalSection
EndGlobal
